// !$*UTF8*$!
{
	archiveVersion = 1;
	classes = {
	};
	objectVersion = 46;
	objects = {

/* Begin PBXBuildFile section */
		685534931A1C2A9C00620D1D /* main.m in Sources */ = {isa = PBXBuildFile; fileRef = 685534921A1C2A9C00620D1D /* main.m */; };
		685534961A1C2A9C00620D1D /* DMSoundControllerAppDelegate.m in Sources */ = {isa = PBXBuildFile; fileRef = 685534951A1C2A9C00620D1D /* DMSoundControllerAppDelegate.m */; };
		685534991A1C2A9C00620D1D /* DMMainViewController.m in Sources */ = {isa = PBXBuildFile; fileRef = 685534981A1C2A9C00620D1D /* DMMainViewController.m */; };
		6855349C1A1C2A9C00620D1D /* Main.storyboard in Resources */ = {isa = PBXBuildFile; fileRef = 6855349A1A1C2A9C00620D1D /* Main.storyboard */; };
		6855349E1A1C2A9C00620D1D /* Images.xcassets in Resources */ = {isa = PBXBuildFile; fileRef = 6855349D1A1C2A9C00620D1D /* Images.xcassets */; };
		685534A11A1C2A9C00620D1D /* LaunchScreen.xib in Resources */ = {isa = PBXBuildFile; fileRef = 6855349F1A1C2A9C00620D1D /* LaunchScreen.xib */; };
		685534AD1A1C2A9D00620D1D /* SoundControllerTests.m in Sources */ = {isa = PBXBuildFile; fileRef = 685534AC1A1C2A9D00620D1D /* SoundControllerTests.m */; };
		685534B81A1C2B3F00620D1D /* DMSoundController.m in Sources */ = {isa = PBXBuildFile; fileRef = 685534B71A1C2B3F00620D1D /* DMSoundController.m */; };
		68FA21971AAF792F00D929E8 /* song.mp3 in Resources */ = {isa = PBXBuildFile; fileRef = 68FA21961AAF792F00D929E8 /* song.mp3 */; };
		E77689BA1AAFAC90005159BD /* DMSoundEffectPlayer.m in Sources */ = {isa = PBXBuildFile; fileRef = E77689B91AAFAC90005159BD /* DMSoundEffectPlayer.m */; };
		E77689BD1AAFADA8005159BD /* Misc.caf in Resources */ = {isa = PBXBuildFile; fileRef = E77689BB1AAFADA8005159BD /* Misc.caf */; };
		E77689BE1AAFADA8005159BD /* Misc.mp3 in Resources */ = {isa = PBXBuildFile; fileRef = E77689BC1AAFADA8005159BD /* Misc.mp3 */; };
/* End PBXBuildFile section */

/* Begin PBXContainerItemProxy section */
		685534A71A1C2A9C00620D1D /* PBXContainerItemProxy */ = {
			isa = PBXContainerItemProxy;
			containerPortal = 685534851A1C2A9C00620D1D /* Project object */;
			proxyType = 1;
			remoteGlobalIDString = 6855348C1A1C2A9C00620D1D;
			remoteInfo = SoundController;
		};
/* End PBXContainerItemProxy section */

/* Begin PBXFileReference section */
		6855348D1A1C2A9C00620D1D /* SoundController.app */ = {isa = PBXFileReference; explicitFileType = wrapper.application; includeInIndex = 0; path = SoundController.app; sourceTree = BUILT_PRODUCTS_DIR; };
		685534911A1C2A9C00620D1D /* Info.plist */ = {isa = PBXFileReference; lastKnownFileType = text.plist.xml; path = Info.plist; sourceTree = "<group>"; };
		685534921A1C2A9C00620D1D /* main.m */ = {isa = PBXFileReference; lastKnownFileType = sourcecode.c.objc; path = main.m; sourceTree = "<group>"; };
		685534941A1C2A9C00620D1D /* DMSoundControllerAppDelegate.h */ = {isa = PBXFileReference; lastKnownFileType = sourcecode.c.h; path = DMSoundControllerAppDelegate.h; sourceTree = "<group>"; };
		685534951A1C2A9C00620D1D /* DMSoundControllerAppDelegate.m */ = {isa = PBXFileReference; lastKnownFileType = sourcecode.c.objc; path = DMSoundControllerAppDelegate.m; sourceTree = "<group>"; };
		685534971A1C2A9C00620D1D /* DMMainViewController.h */ = {isa = PBXFileReference; lastKnownFileType = sourcecode.c.h; path = DMMainViewController.h; sourceTree = "<group>"; };
		685534981A1C2A9C00620D1D /* DMMainViewController.m */ = {isa = PBXFileReference; lastKnownFileType = sourcecode.c.objc; path = DMMainViewController.m; sourceTree = "<group>"; };
		6855349B1A1C2A9C00620D1D /* Base */ = {isa = PBXFileReference; lastKnownFileType = file.storyboard; name = Base; path = Base.lproj/Main.storyboard; sourceTree = "<group>"; };
		6855349D1A1C2A9C00620D1D /* Images.xcassets */ = {isa = PBXFileReference; lastKnownFileType = folder.assetcatalog; path = Images.xcassets; sourceTree = "<group>"; };
		685534A01A1C2A9C00620D1D /* Base */ = {isa = PBXFileReference; lastKnownFileType = file.xib; name = Base; path = Base.lproj/LaunchScreen.xib; sourceTree = "<group>"; };
		685534A61A1C2A9C00620D1D /* SoundControllerTests.xctest */ = {isa = PBXFileReference; explicitFileType = wrapper.cfbundle; includeInIndex = 0; path = SoundControllerTests.xctest; sourceTree = BUILT_PRODUCTS_DIR; };
		685534AB1A1C2A9D00620D1D /* Info.plist */ = {isa = PBXFileReference; lastKnownFileType = text.plist.xml; path = Info.plist; sourceTree = "<group>"; };
		685534AC1A1C2A9D00620D1D /* SoundControllerTests.m */ = {isa = PBXFileReference; lastKnownFileType = sourcecode.c.objc; path = SoundControllerTests.m; sourceTree = "<group>"; };
		685534B61A1C2B3F00620D1D /* DMSoundController.h */ = {isa = PBXFileReference; fileEncoding = 4; lastKnownFileType = sourcecode.c.h; path = DMSoundController.h; sourceTree = "<group>"; };
		685534B71A1C2B3F00620D1D /* DMSoundController.m */ = {isa = PBXFileReference; fileEncoding = 4; lastKnownFileType = sourcecode.c.objc; path = DMSoundController.m; sourceTree = "<group>"; };
		68FA21961AAF792F00D929E8 /* song.mp3 */ = {isa = PBXFileReference; lastKnownFileType = audio.mp3; path = song.mp3; sourceTree = "<group>"; };
		E77689B81AAFAC90005159BD /* DMSoundEffectPlayer.h */ = {isa = PBXFileReference; fileEncoding = 4; lastKnownFileType = sourcecode.c.h; path = DMSoundEffectPlayer.h; sourceTree = "<group>"; };
		E77689B91AAFAC90005159BD /* DMSoundEffectPlayer.m */ = {isa = PBXFileReference; fileEncoding = 4; lastKnownFileType = sourcecode.c.objc; path = DMSoundEffectPlayer.m; sourceTree = "<group>"; };
		E77689BB1AAFADA8005159BD /* Misc.caf */ = {isa = PBXFileReference; lastKnownFileType = file; path = Misc.caf; sourceTree = "<group>"; };
		E77689BC1AAFADA8005159BD /* Misc.mp3 */ = {isa = PBXFileReference; lastKnownFileType = audio.mp3; path = Misc.mp3; sourceTree = "<group>"; };
/* End PBXFileReference section */

/* Begin PBXFrameworksBuildPhase section */
		6855348A1A1C2A9C00620D1D /* Frameworks */ = {
			isa = PBXFrameworksBuildPhase;
			buildActionMask = 2147483647;
			files = (
			);
			runOnlyForDeploymentPostprocessing = 0;
		};
		685534A31A1C2A9C00620D1D /* Frameworks */ = {
			isa = PBXFrameworksBuildPhase;
			buildActionMask = 2147483647;
			files = (
			);
			runOnlyForDeploymentPostprocessing = 0;
		};
/* End PBXFrameworksBuildPhase section */

/* Begin PBXGroup section */
		685534841A1C2A9C00620D1D = {
			isa = PBXGroup;
			children = (
				6855348F1A1C2A9C00620D1D /* SoundController */,
				685534A91A1C2A9C00620D1D /* SoundControllerTests */,
				6855348E1A1C2A9C00620D1D /* Products */,
			);
			sourceTree = "<group>";
		};
		6855348E1A1C2A9C00620D1D /* Products */ = {
			isa = PBXGroup;
			children = (
				6855348D1A1C2A9C00620D1D /* SoundController.app */,
				685534A61A1C2A9C00620D1D /* SoundControllerTests.xctest */,
			);
			name = Products;
			sourceTree = "<group>";
		};
		6855348F1A1C2A9C00620D1D /* SoundController */ = {
			isa = PBXGroup;
			children = (
				685534941A1C2A9C00620D1D /* DMSoundControllerAppDelegate.h */,
				685534951A1C2A9C00620D1D /* DMSoundControllerAppDelegate.m */,
				685534971A1C2A9C00620D1D /* DMMainViewController.h */,
				685534981A1C2A9C00620D1D /* DMMainViewController.m */,
				685534B61A1C2B3F00620D1D /* DMSoundController.h */,
				685534B71A1C2B3F00620D1D /* DMSoundController.m */,
				E77689B81AAFAC90005159BD /* DMSoundEffectPlayer.h */,
				E77689B91AAFAC90005159BD /* DMSoundEffectPlayer.m */,
				9DC1C9271ADC13A3009E1674 /* Resources */,
				685534901A1C2A9C00620D1D /* Supporting Files */,
			);
			path = SoundController;
			sourceTree = "<group>";
		};
		685534901A1C2A9C00620D1D /* Supporting Files */ = {
			isa = PBXGroup;
			children = (
				685534911A1C2A9C00620D1D /* Info.plist */,
				685534921A1C2A9C00620D1D /* main.m */,
			);
			name = "Supporting Files";
			sourceTree = "<group>";
		};
		685534A91A1C2A9C00620D1D /* SoundControllerTests */ = {
			isa = PBXGroup;
			children = (
				685534AC1A1C2A9D00620D1D /* SoundControllerTests.m */,
				685534AA1A1C2A9D00620D1D /* Supporting Files */,
			);
			path = SoundControllerTests;
			sourceTree = "<group>";
		};
		685534AA1A1C2A9D00620D1D /* Supporting Files */ = {
			isa = PBXGroup;
			children = (
				685534AB1A1C2A9D00620D1D /* Info.plist */,
			);
			name = "Supporting Files";
			sourceTree = "<group>";
		};
		9DC1C9271ADC13A3009E1674 /* Resources */ = {
			isa = PBXGroup;
			children = (
				6855349D1A1C2A9C00620D1D /* Images.xcassets */,
				6855349F1A1C2A9C00620D1D /* LaunchScreen.xib */,
				6855349A1A1C2A9C00620D1D /* Main.storyboard */,
				68FA21961AAF792F00D929E8 /* song.mp3 */,
				E77689BB1AAFADA8005159BD /* Misc.caf */,
				E77689BC1AAFADA8005159BD /* Misc.mp3 */,
			);
			name = Resources;
			sourceTree = "<group>";
		};
/* End PBXGroup section */

/* Begin PBXNativeTarget section */
		6855348C1A1C2A9C00620D1D /* SoundController */ = {
			isa = PBXNativeTarget;
			buildConfigurationList = 685534B01A1C2A9D00620D1D /* Build configuration list for PBXNativeTarget "SoundController" */;
			buildPhases = (
				685534891A1C2A9C00620D1D /* Sources */,
				6855348A1A1C2A9C00620D1D /* Frameworks */,
				6855348B1A1C2A9C00620D1D /* Resources */,
			);
			buildRules = (
			);
			dependencies = (
			);
			name = SoundController;
			productName = SoundController;
			productReference = 6855348D1A1C2A9C00620D1D /* SoundController.app */;
			productType = "com.apple.product-type.application";
		};
		685534A51A1C2A9C00620D1D /* SoundControllerTests */ = {
			isa = PBXNativeTarget;
			buildConfigurationList = 685534B31A1C2A9D00620D1D /* Build configuration list for PBXNativeTarget "SoundControllerTests" */;
			buildPhases = (
				685534A21A1C2A9C00620D1D /* Sources */,
				685534A31A1C2A9C00620D1D /* Frameworks */,
				685534A41A1C2A9C00620D1D /* Resources */,
			);
			buildRules = (
			);
			dependencies = (
				685534A81A1C2A9C00620D1D /* PBXTargetDependency */,
			);
			name = SoundControllerTests;
			productName = SoundControllerTests;
			productReference = 685534A61A1C2A9C00620D1D /* SoundControllerTests.xctest */;
			productType = "com.apple.product-type.bundle.unit-test";
		};
/* End PBXNativeTarget section */

/* Begin PBXProject section */
		685534851A1C2A9C00620D1D /* Project object */ = {
			isa = PBXProject;
			attributes = {
				LastUpgradeCheck = 0610;
				ORGANIZATIONNAME = DevMountain;
				TargetAttributes = {
					6855348C1A1C2A9C00620D1D = {
						CreatedOnToolsVersion = 6.1;
					};
					685534A51A1C2A9C00620D1D = {
						CreatedOnToolsVersion = 6.1;
						TestTargetID = 6855348C1A1C2A9C00620D1D;
					};
				};
			};
			buildConfigurationList = 685534881A1C2A9C00620D1D /* Build configuration list for PBXProject "SoundController" */;
			compatibilityVersion = "Xcode 3.2";
			developmentRegion = English;
			hasScannedForEncodings = 0;
			knownRegions = (
				en,
				Base,
			);
			mainGroup = 685534841A1C2A9C00620D1D;
			productRefGroup = 6855348E1A1C2A9C00620D1D /* Products */;
			projectDirPath = "";
			projectRoot = "";
			targets = (
				6855348C1A1C2A9C00620D1D /* SoundController */,
				685534A51A1C2A9C00620D1D /* SoundControllerTests */,
			);
		};
/* End PBXProject section */

/* Begin PBXResourcesBuildPhase section */
		6855348B1A1C2A9C00620D1D /* Resources */ = {
			isa = PBXResourcesBuildPhase;
			buildActionMask = 2147483647;
			files = (
				E77689BE1AAFADA8005159BD /* Misc.mp3 in Resources */,
				68FA21971AAF792F00D929E8 /* song.mp3 in Resources */,
				6855349C1A1C2A9C00620D1D /* Main.storyboard in Resources */,
				685534A11A1C2A9C00620D1D /* LaunchScreen.xib in Resources */,
				6855349E1A1C2A9C00620D1D /* Images.xcassets in Resources */,
				E77689BD1AAFADA8005159BD /* Misc.caf in Resources */,
			);
			runOnlyForDeploymentPostprocessing = 0;
		};
		685534A41A1C2A9C00620D1D /* Resources */ = {
			isa = PBXResourcesBuildPhase;
			buildActionMask = 2147483647;
			files = (
			);
			runOnlyForDeploymentPostprocessing = 0;
		};
/* End PBXResourcesBuildPhase section */

/* Begin PBXSourcesBuildPhase section */
		685534891A1C2A9C00620D1D /* Sources */ = {
			isa = PBXSourcesBuildPhase;
			buildActionMask = 2147483647;
			files = (
				685534991A1C2A9C00620D1D /* DMMainViewController.m in Sources */,
				685534B81A1C2B3F00620D1D /* DMSoundController.m in Sources */,
				685534961A1C2A9C00620D1D /* DMSoundControllerAppDelegate.m in Sources */,
				685534931A1C2A9C00620D1D /* main.m in Sources */,
				E77689BA1AAFAC90005159BD /* DMSoundEffectPlayer.m in Sources */,
			);
			runOnlyForDeploymentPostprocessing = 0;
		};
		685534A21A1C2A9C00620D1D /* Sources */ = {
			isa = PBXSourcesBuildPhase;
			buildActionMask = 2147483647;
			files = (
				685534AD1A1C2A9D00620D1D /* SoundControllerTests.m in Sources */,
			);
			runOnlyForDeploymentPostprocessing = 0;
		};
/* End PBXSourcesBuildPhase section */

/* Begin PBXTargetDependency section */
		685534A81A1C2A9C00620D1D /* PBXTargetDependency */ = {
			isa = PBXTargetDependency;
			target = 6855348C1A1C2A9C00620D1D /* SoundController */;
			targetProxy = 685534A71A1C2A9C00620D1D /* PBXContainerItemProxy */;
		};
/* End PBXTargetDependency section */

/* Begin PBXVariantGroup section */
		6855349A1A1C2A9C00620D1D /* Main.storyboard */ = {
			isa = PBXVariantGroup;
			children = (
				6855349B1A1C2A9C00620D1D /* Base */,
			);
			name = Main.storyboard;
			sourceTree = "<group>";
		};
		6855349F1A1C2A9C00620D1D /* LaunchScreen.xib */ = {
			isa = PBXVariantGroup;
			children = (
				685534A01A1C2A9C00620D1D /* Base */,
			);
			name = LaunchScreen.xib;
			sourceTree = "<group>";
		};
/* End PBXVariantGroup section */

/* Begin XCBuildConfiguration section */
		685534AE1A1C2A9D00620D1D /* Debug */ = {
			isa = XCBuildConfiguration;
			buildSettings = {
				ALWAYS_SEARCH_USER_PATHS = NO;
				CLANG_CXX_LANGUAGE_STANDARD = "gnu++0x";
				CLANG_CXX_LIBRARY = "libc++";
				CLANG_ENABLE_MODULES = YES;
				CLANG_ENABLE_OBJC_ARC = YES;
				CLANG_WARN_BOOL_CONVERSION = YES;
				CLANG_WARN_CONSTANT_CONVERSION = YES;
				CLANG_WARN_DIRECT_OBJC_ISA_USAGE = YES_ERROR;
				CLANG_WARN_EMPTY_BODY = YES;
				CLANG_WARN_ENUM_CONVERSION = YES;
				CLANG_WARN_INT_CONVERSION = YES;
				CLANG_WARN_OBJC_ROOT_CLASS = YES_ERROR;
				CLANG_WARN_UNREACHABLE_CODE = YES;
				CLANG_WARN__DUPLICATE_METHOD_MATCH = YES;
				"CODE_SIGN_IDENTITY[sdk=iphoneos*]" = "iPhone Developer";
				COPY_PHASE_STRIP = NO;
				ENABLE_STRICT_OBJC_MSGSEND = YES;
				GCC_C_LANGUAGE_STANDARD = gnu99;
				GCC_DYNAMIC_NO_PIC = NO;
				GCC_OPTIMIZATION_LEVEL = 0;
				GCC_PREPROCESSOR_DEFINITIONS = (
					"DEBUG=1",
					"$(inherited)",
				);
				GCC_SYMBOLS_PRIVATE_EXTERN = NO;
				GCC_WARN_64_TO_32_BIT_CONVERSION = YES;
				GCC_WARN_ABOUT_RETURN_TYPE = YES_ERROR;
				GCC_WARN_UNDECLARED_SELECTOR = YES;
				GCC_WARN_UNINITIALIZED_AUTOS = YES_AGGRESSIVE;
				GCC_WARN_UNUSED_FUNCTION = YES;
				GCC_WARN_UNUSED_VARIABLE = YES;
				IPHONEOS_DEPLOYMENT_TARGET = 8.1;
				MTL_ENABLE_DEBUG_INFO = YES;
				ONLY_ACTIVE_ARCH = YES;
				SDKROOT = iphoneos;
			};
			name = Debug;
		};
		685534AF1A1C2A9D00620D1D /* Release */ = {
			isa = XCBuildConfiguration;
			buildSettings = {
				ALWAYS_SEARCH_USER_PATHS = NO;
				CLANG_CXX_LANGUAGE_STANDARD = "gnu++0x";
				CLANG_CXX_LIBRARY = "libc++";
				CLANG_ENABLE_MODULES = YES;
				CLANG_ENABLE_OBJC_ARC = YES;
				CLANG_WARN_BOOL_CONVERSION = YES;
				CLANG_WARN_CONSTANT_CONVERSION = YES;
				CLANG_WARN_DIRECT_OBJC_ISA_USAGE = YES_ERROR;
				CLANG_WARN_EMPTY_BODY = YES;
				CLANG_WARN_ENUM_CONVERSION = YES;
				CLANG_WARN_INT_CONVERSION = YES;
				CLANG_WARN_OBJC_ROOT_CLASS = YES_ERROR;
				CLANG_WARN_UNREACHABLE_CODE = YES;
				CLANG_WARN__DUPLICATE_METHOD_MATCH = YES;
				"CODE_SIGN_IDENTITY[sdk=iphoneos*]" = "iPhone Developer";
				COPY_PHASE_STRIP = YES;
				ENABLE_NS_ASSERTIONS = NO;
				ENABLE_STRICT_OBJC_MSGSEND = YES;
				GCC_C_LANGUAGE_STANDARD = gnu99;
				GCC_WARN_64_TO_32_BIT_CONVERSION = YES;
				GCC_WARN_ABOUT_RETURN_TYPE = YES_ERROR;
				GCC_WARN_UNDECLARED_SELECTOR = YES;
				GCC_WARN_UNINITIALIZED_AUTOS = YES_AGGRESSIVE;
				GCC_WARN_UNUSED_FUNCTION = YES;
				GCC_WARN_UNUSED_VARIABLE = YES;
				IPHONEOS_DEPLOYMENT_TARGET = 8.1;
				MTL_ENABLE_DEBUG_INFO = NO;
				SDKROOT = iphoneos;
				VALIDATE_PRODUCT = YES;
			};
			name = Release;
		};
		685534B11A1C2A9D00620D1D /* Debug */ = {
			isa = XCBuildConfiguration;
			buildSettings = {
				ASSETCATALOG_COMPILER_APPICON_NAME = AppIcon;
				INFOPLIST_FILE = SoundController/Info.plist;
				LD_RUNPATH_SEARCH_PATHS = "$(inherited) @executable_path/Frameworks";
				PRODUCT_NAME = "$(TARGET_NAME)";
			};
			name = Debug;
		};
		685534B21A1C2A9D00620D1D /* Release */ = {
			isa = XCBuildConfiguration;
			buildSettings = {
				ASSETCATALOG_COMPILER_APPICON_NAME = AppIcon;
				INFOPLIST_FILE = SoundController/Info.plist;
				LD_RUNPATH_SEARCH_PATHS = "$(inherited) @executable_path/Frameworks";
				PRODUCT_NAME = "$(TARGET_NAME)";
			};
			name = Release;
		};
		685534B41A1C2A9D00620D1D /* Debug */ = {
			isa = XCBuildConfiguration;
			buildSettings = {
				BUNDLE_LOADER = "$(TEST_HOST)";
				FRAMEWORK_SEARCH_PATHS = (
					"$(SDKROOT)/Developer/Library/Frameworks",
					"$(inherited)",
				);
				GCC_PREPROCESSOR_DEFINITIONS = (
					"DEBUG=1",
					"$(inherited)",
				);
				INFOPLIST_FILE = SoundControllerTests/Info.plist;
				LD_RUNPATH_SEARCH_PATHS = "$(inherited) @executable_path/Frameworks @loader_path/Frameworks";
				PRODUCT_NAME = "$(TARGET_NAME)";
				TEST_HOST = "$(BUILT_PRODUCTS_DIR)/SoundController.app/SoundController";
			};
			name = Debug;
		};
		685534B51A1C2A9D00620D1D /* Release */ = {
			isa = XCBuildConfiguration;
			buildSettings = {
				BUNDLE_LOADER = "$(TEST_HOST)";
				FRAMEWORK_SEARCH_PATHS = (
					"$(SDKROOT)/Developer/Library/Frameworks",
					"$(inherited)",
				);
				INFOPLIST_FILE = SoundControllerTests/Info.plist;
				LD_RUNPATH_SEARCH_PATHS = "$(inherited) @executable_path/Frameworks @loader_path/Frameworks";
				PRODUCT_NAME = "$(TARGET_NAME)";
				TEST_HOST = "$(BUILT_PRODUCTS_DIR)/SoundController.app/SoundController";
			};
			name = Release;
		};
/* End XCBuildConfiguration section */

/* Begin XCConfigurationList section */
		685534881A1C2A9C00620D1D /* Build configuration list for PBXProject "SoundController" */ = {
			isa = XCConfigurationList;
			buildConfigurations = (
				685534AE1A1C2A9D00620D1D /* Debug */,
				685534AF1A1C2A9D00620D1D /* Release */,
			);
			defaultConfigurationIsVisible = 0;
			defaultConfigurationName = Release;
		};
		685534B01A1C2A9D00620D1D /* Build configuration list for PBXNativeTarget "SoundController" */ = {
			isa = XCConfigurationList;
			buildConfigurations = (
				685534B11A1C2A9D00620D1D /* Debug */,
				685534B21A1C2A9D00620D1D /* Release */,
			);
			defaultConfigurationIsVisible = 0;
			defaultConfigurationName = Release;
		};
		685534B31A1C2A9D00620D1D /* Build configuration list for PBXNativeTarget "SoundControllerTests" */ = {
			isa = XCConfigurationList;
			buildConfigurations = (
				685534B41A1C2A9D00620D1D /* Debug */,
				685534B51A1C2A9D00620D1D /* Release */,
			);
			defaultConfigurationIsVisible = 0;
			defaultConfigurationName = Release;
		};
/* End XCConfigurationList section */
	};
	rootObject = 685534851A1C2A9C00620D1D /* Project object */;
}
